// !$*UTF8*$!
{
	archiveVersion = 1;
	classes = {
	};
	objectVersion = 52;
	objects = {

/* Begin PBXBuildFile section */
		5E39DEFD25834BA2003537AF /* AlbumDetailViewController.swift in Sources */ = {isa = PBXBuildFile; fileRef = 5E39DEFC25834BA2003537AF /* AlbumDetailViewController.swift */; };
		5E39DF00258352A4003537AF /* Track.swift in Sources */ = {isa = PBXBuildFile; fileRef = 5E39DEFF258352A4003537AF /* Track.swift */; };
		5E39DF032583660D003537AF /* AlbumDescriptionCell.swift in Sources */ = {isa = PBXBuildFile; fileRef = 5E39DF022583660D003537AF /* AlbumDescriptionCell.swift */; };
		5E39DF08258369F3003537AF /* AlbumTrackCell.swift in Sources */ = {isa = PBXBuildFile; fileRef = 5E39DF07258369F3003537AF /* AlbumTrackCell.swift */; };
		5E39DF0B25836AB1003537AF /* AlbumExtraInfoCell.swift in Sources */ = {isa = PBXBuildFile; fileRef = 5E39DF0A25836AB1003537AF /* AlbumExtraInfoCell.swift */; };
		5E39DF0E258391A2003537AF /* StackView.swift in Sources */ = {isa = PBXBuildFile; fileRef = 5E39DF0D258391A2003537AF /* StackView.swift */; };
		5E46E67225888C5000350A3D /* StateView.swift in Sources */ = {isa = PBXBuildFile; fileRef = 5E46E67125888C5000350A3D /* StateView.swift */; };
		5E46E6762588E99A00350A3D /* Reachability.swift in Sources */ = {isa = PBXBuildFile; fileRef = 5E46E6752588E99A00350A3D /* Reachability.swift */; };
		5E46E6792588F2D300350A3D /* Layout.swift in Sources */ = {isa = PBXBuildFile; fileRef = 5E46E6782588F2D300350A3D /* Layout.swift */; };
		5E46E67C2588FFA300350A3D /* README.md in Resources */ = {isa = PBXBuildFile; fileRef = 5E46E67B2588FFA300350A3D /* README.md */; };
		5E46E67F2589017B00350A3D /* presentation.gif in Resources */ = {isa = PBXBuildFile; fileRef = 5E46E67E2589017B00350A3D /* presentation.gif */; };
		5E4764A6258787BA0014390B /* ImageView.swift in Sources */ = {isa = PBXBuildFile; fileRef = 5E4764A5258787BA0014390B /* ImageView.swift */; };
		5E4764AC25878D2D0014390B /* Label.swift in Sources */ = {isa = PBXBuildFile; fileRef = 5E4764AB25878D2D0014390B /* Label.swift */; };
		5E4764AF2587A21B0014390B /* CellConfigurable.swift in Sources */ = {isa = PBXBuildFile; fileRef = 5E4764AE2587A21B0014390B /* CellConfigurable.swift */; };
		5E4764B52587A28D0014390B /* Color.swift in Sources */ = {isa = PBXBuildFile; fileRef = 5E4764B42587A28D0014390B /* Color.swift */; };
		5E4764BA2587A2F40014390B /* Font.swift in Sources */ = {isa = PBXBuildFile; fileRef = 5E4764B92587A2F40014390B /* Font.swift */; };
		5E4764BD2587A4410014390B /* String.swift in Sources */ = {isa = PBXBuildFile; fileRef = 5E4764BC2587A4410014390B /* String.swift */; };
		5E4764C02587D2B70014390B /* Double.swift in Sources */ = {isa = PBXBuildFile; fileRef = 5E4764BF2587D2B70014390B /* Double.swift */; };
		5E48535C2582908C00E1B1BF /* AppDelegate.swift in Sources */ = {isa = PBXBuildFile; fileRef = 5E48535B2582908C00E1B1BF /* AppDelegate.swift */; };
		5E48535E2582908C00E1B1BF /* SceneDelegate.swift in Sources */ = {isa = PBXBuildFile; fileRef = 5E48535D2582908C00E1B1BF /* SceneDelegate.swift */; };
		5E4853652582908E00E1B1BF /* Assets.xcassets in Resources */ = {isa = PBXBuildFile; fileRef = 5E4853642582908E00E1B1BF /* Assets.xcassets */; };
		5E4853682582908E00E1B1BF /* LaunchScreen.storyboard in Resources */ = {isa = PBXBuildFile; fileRef = 5E4853662582908E00E1B1BF /* LaunchScreen.storyboard */; };
		5E4853A625829A0200E1B1BF /* SDWebImage in Frameworks */ = {isa = PBXBuildFile; productRef = 5E4853A525829A0200E1B1BF /* SDWebImage */; };
		5E4853AA25829A5600E1B1BF /* AlbumViewController.swift in Sources */ = {isa = PBXBuildFile; fileRef = 5E4853A925829A5600E1B1BF /* AlbumViewController.swift */; };
		5E4853AF25829C6B00E1B1BF /* Album.swift in Sources */ = {isa = PBXBuildFile; fileRef = 5E4853AE25829C6B00E1B1BF /* Album.swift */; };
		5E4853B225829D6E00E1B1BF /* API.swift in Sources */ = {isa = PBXBuildFile; fileRef = 5E4853B125829D6E00E1B1BF /* API.swift */; };
		5E4853BA25829F1300E1B1BF /* AlbumCell.swift in Sources */ = {isa = PBXBuildFile; fileRef = 5E4853B925829F1300E1B1BF /* AlbumCell.swift */; };
/* End PBXBuildFile section */

/* Begin PBXFileReference section */
		5E39DEFC25834BA2003537AF /* AlbumDetailViewController.swift */ = {isa = PBXFileReference; lastKnownFileType = sourcecode.swift; path = AlbumDetailViewController.swift; sourceTree = "<group>"; };
		5E39DEFF258352A4003537AF /* Track.swift */ = {isa = PBXFileReference; lastKnownFileType = sourcecode.swift; path = Track.swift; sourceTree = "<group>"; };
		5E39DF022583660D003537AF /* AlbumDescriptionCell.swift */ = {isa = PBXFileReference; lastKnownFileType = sourcecode.swift; path = AlbumDescriptionCell.swift; sourceTree = "<group>"; };
		5E39DF07258369F3003537AF /* AlbumTrackCell.swift */ = {isa = PBXFileReference; lastKnownFileType = sourcecode.swift; path = AlbumTrackCell.swift; sourceTree = "<group>"; };
		5E39DF0A25836AB1003537AF /* AlbumExtraInfoCell.swift */ = {isa = PBXFileReference; lastKnownFileType = sourcecode.swift; path = AlbumExtraInfoCell.swift; sourceTree = "<group>"; };
		5E39DF0D258391A2003537AF /* StackView.swift */ = {isa = PBXFileReference; lastKnownFileType = sourcecode.swift; path = StackView.swift; sourceTree = "<group>"; };
		5E46E67125888C5000350A3D /* StateView.swift */ = {isa = PBXFileReference; lastKnownFileType = sourcecode.swift; path = StateView.swift; sourceTree = "<group>"; };
		5E46E6752588E99A00350A3D /* Reachability.swift */ = {isa = PBXFileReference; lastKnownFileType = sourcecode.swift; path = Reachability.swift; sourceTree = "<group>"; };
		5E46E6782588F2D300350A3D /* Layout.swift */ = {isa = PBXFileReference; lastKnownFileType = sourcecode.swift; path = Layout.swift; sourceTree = "<group>"; };
		5E46E67B2588FFA300350A3D /* README.md */ = {isa = PBXFileReference; fileEncoding = 4; lastKnownFileType = net.daringfireball.markdown; path = README.md; sourceTree = "<group>"; };
		5E46E67E2589017B00350A3D /* presentation.gif */ = {isa = PBXFileReference; lastKnownFileType = image.gif; path = presentation.gif; sourceTree = "<group>"; };
		5E4764A5258787BA0014390B /* ImageView.swift */ = {isa = PBXFileReference; lastKnownFileType = sourcecode.swift; path = ImageView.swift; sourceTree = "<group>"; };
		5E4764AB25878D2D0014390B /* Label.swift */ = {isa = PBXFileReference; lastKnownFileType = sourcecode.swift; path = Label.swift; sourceTree = "<group>"; };
		5E4764AE2587A21B0014390B /* CellConfigurable.swift */ = {isa = PBXFileReference; lastKnownFileType = sourcecode.swift; path = CellConfigurable.swift; sourceTree = "<group>"; };
		5E4764B42587A28D0014390B /* Color.swift */ = {isa = PBXFileReference; lastKnownFileType = sourcecode.swift; path = Color.swift; sourceTree = "<group>"; };
		5E4764B92587A2F40014390B /* Font.swift */ = {isa = PBXFileReference; lastKnownFileType = sourcecode.swift; path = Font.swift; sourceTree = "<group>"; };
		5E4764BC2587A4410014390B /* String.swift */ = {isa = PBXFileReference; lastKnownFileType = sourcecode.swift; path = String.swift; sourceTree = "<group>"; };
		5E4764BF2587D2B70014390B /* Double.swift */ = {isa = PBXFileReference; lastKnownFileType = sourcecode.swift; path = Double.swift; sourceTree = "<group>"; };
		5E4853582582908C00E1B1BF /* TestTaskFS.app */ = {isa = PBXFileReference; explicitFileType = wrapper.application; includeInIndex = 0; path = TestTaskFS.app; sourceTree = BUILT_PRODUCTS_DIR; };
		5E48535B2582908C00E1B1BF /* AppDelegate.swift */ = {isa = PBXFileReference; lastKnownFileType = sourcecode.swift; path = AppDelegate.swift; sourceTree = "<group>"; };
		5E48535D2582908C00E1B1BF /* SceneDelegate.swift */ = {isa = PBXFileReference; lastKnownFileType = sourcecode.swift; path = SceneDelegate.swift; sourceTree = "<group>"; };
		5E4853642582908E00E1B1BF /* Assets.xcassets */ = {isa = PBXFileReference; lastKnownFileType = folder.assetcatalog; path = Assets.xcassets; sourceTree = "<group>"; };
		5E4853672582908E00E1B1BF /* Base */ = {isa = PBXFileReference; lastKnownFileType = file.storyboard; name = Base; path = Base.lproj/LaunchScreen.storyboard; sourceTree = "<group>"; };
		5E4853692582908E00E1B1BF /* Info.plist */ = {isa = PBXFileReference; lastKnownFileType = text.plist.xml; path = Info.plist; sourceTree = "<group>"; };
		5E4853A925829A5600E1B1BF /* AlbumViewController.swift */ = {isa = PBXFileReference; lastKnownFileType = sourcecode.swift; path = AlbumViewController.swift; sourceTree = "<group>"; };
		5E4853AE25829C6B00E1B1BF /* Album.swift */ = {isa = PBXFileReference; lastKnownFileType = sourcecode.swift; path = Album.swift; sourceTree = "<group>"; };
		5E4853B125829D6E00E1B1BF /* API.swift */ = {isa = PBXFileReference; lastKnownFileType = sourcecode.swift; path = API.swift; sourceTree = "<group>"; };
		5E4853B925829F1300E1B1BF /* AlbumCell.swift */ = {isa = PBXFileReference; lastKnownFileType = sourcecode.swift; path = AlbumCell.swift; sourceTree = "<group>"; };
/* End PBXFileReference section */

/* Begin PBXFrameworksBuildPhase section */
		5E4853552582908C00E1B1BF /* Frameworks */ = {
			isa = PBXFrameworksBuildPhase;
			buildActionMask = 2147483647;
			files = (
				5E4853A625829A0200E1B1BF /* SDWebImage in Frameworks */,
			);
			runOnlyForDeploymentPostprocessing = 0;
		};
/* End PBXFrameworksBuildPhase section */

/* Begin PBXGroup section */
		5E39DEFA25834B74003537AF /* Album */ = {
			isa = PBXGroup;
			children = (
				5E4853A925829A5600E1B1BF /* AlbumViewController.swift */,
				5E46E67125888C5000350A3D /* StateView.swift */,
				5E4853B925829F1300E1B1BF /* AlbumCell.swift */,
			);
			path = Album;
			sourceTree = "<group>";
		};
		5E39DF052583681C003537AF /* AlbumDetail */ = {
			isa = PBXGroup;
			children = (
				5E39DEFC25834BA2003537AF /* AlbumDetailViewController.swift */,
				5E39DF022583660D003537AF /* AlbumDescriptionCell.swift */,
				5E39DF07258369F3003537AF /* AlbumTrackCell.swift */,
				5E39DF0A25836AB1003537AF /* AlbumExtraInfoCell.swift */,
			);
			path = AlbumDetail;
			sourceTree = "<group>";
		};
		5E4764A8258787BD0014390B /* Extensions */ = {
			isa = PBXGroup;
			children = (
				5E4764A5258787BA0014390B /* ImageView.swift */,
				5E4764AB25878D2D0014390B /* Label.swift */,
				5E4764B92587A2F40014390B /* Font.swift */,
				5E39DF0D258391A2003537AF /* StackView.swift */,
				5E4764B42587A28D0014390B /* Color.swift */,
				5E4764BC2587A4410014390B /* String.swift */,
				5E4764BF2587D2B70014390B /* Double.swift */,
				5E46E6782588F2D300350A3D /* Layout.swift */,
			);
			path = Extensions;
			sourceTree = "<group>";
		};
		5E4764B22587A25E0014390B /* Protocols */ = {
			isa = PBXGroup;
			children = (
				5E4764AE2587A21B0014390B /* CellConfigurable.swift */,
			);
			path = Protocols;
			sourceTree = "<group>";
		};
		5E48534F2582908C00E1B1BF = {
			isa = PBXGroup;
			children = (
				5E46E67B2588FFA300350A3D /* README.md */,
				5E46E67E2589017B00350A3D /* presentation.gif */,
				5E48535A2582908C00E1B1BF /* TestTaskFS */,
				5E4853592582908C00E1B1BF /* Products */,
			);
			sourceTree = "<group>";
		};
		5E4853592582908C00E1B1BF /* Products */ = {
			isa = PBXGroup;
			children = (
				5E4853582582908C00E1B1BF /* TestTaskFS.app */,
			);
			name = Products;
			sourceTree = "<group>";
		};
		5E48535A2582908C00E1B1BF /* TestTaskFS */ = {
			isa = PBXGroup;
			children = (
				5E4853B425829DF300E1B1BF /* Services */,
				5E4764A8258787BD0014390B /* Extensions */,
				5E4764B22587A25E0014390B /* Protocols */,
				5E4853B625829E1D00E1B1BF /* Models */,
				5E4853AC25829C5800E1B1BF /* Views */,
				5E48535B2582908C00E1B1BF /* AppDelegate.swift */,
				5E48535D2582908C00E1B1BF /* SceneDelegate.swift */,
				5E4853642582908E00E1B1BF /* Assets.xcassets */,
				5E4853662582908E00E1B1BF /* LaunchScreen.storyboard */,
				5E4853692582908E00E1B1BF /* Info.plist */,
			);
			path = TestTaskFS;
			sourceTree = "<group>";
		};
		5E4853AC25829C5800E1B1BF /* Views */ = {
			isa = PBXGroup;
			children = (
				5E39DEFA25834B74003537AF /* Album */,
				5E39DF052583681C003537AF /* AlbumDetail */,
			);
			path = Views;
			sourceTree = "<group>";
		};
		5E4853B425829DF300E1B1BF /* Services */ = {
			isa = PBXGroup;
			children = (
				5E4853B125829D6E00E1B1BF /* API.swift */,
				5E46E6752588E99A00350A3D /* Reachability.swift */,
			);
			path = Services;
			sourceTree = "<group>";
		};
		5E4853B625829E1D00E1B1BF /* Models */ = {
			isa = PBXGroup;
			children = (
				5E4853AE25829C6B00E1B1BF /* Album.swift */,
				5E39DEFF258352A4003537AF /* Track.swift */,
			);
			path = Models;
			sourceTree = "<group>";
		};
/* End PBXGroup section */

/* Begin PBXNativeTarget section */
		5E4853572582908C00E1B1BF /* TestTaskFS */ = {
			isa = PBXNativeTarget;
			buildConfigurationList = 5E48536C2582908E00E1B1BF /* Build configuration list for PBXNativeTarget "TestTaskFS" */;
			buildPhases = (
				5E4853542582908C00E1B1BF /* Sources */,
				5E4853552582908C00E1B1BF /* Frameworks */,
				5E4853562582908C00E1B1BF /* Resources */,
			);
			buildRules = (
			);
			dependencies = (
			);
			name = TestTaskFS;
			packageProductDependencies = (
				5E4853A525829A0200E1B1BF /* SDWebImage */,
			);
			productName = TestTaskFS;
			productReference = 5E4853582582908C00E1B1BF /* TestTaskFS.app */;
			productType = "com.apple.product-type.application";
		};
/* End PBXNativeTarget section */

/* Begin PBXProject section */
		5E4853502582908C00E1B1BF /* Project object */ = {
			isa = PBXProject;
			attributes = {
				LastSwiftUpdateCheck = 1210;
				LastUpgradeCheck = 1210;
				TargetAttributes = {
					5E4853572582908C00E1B1BF = {
						CreatedOnToolsVersion = 12.1;
					};
				};
			};
			buildConfigurationList = 5E4853532582908C00E1B1BF /* Build configuration list for PBXProject "TestTaskFS" */;
			compatibilityVersion = "Xcode 9.3";
			developmentRegion = en;
			hasScannedForEncodings = 0;
			knownRegions = (
				en,
				Base,
			);
			mainGroup = 5E48534F2582908C00E1B1BF;
			packageReferences = (
				5E4853A425829A0200E1B1BF /* XCRemoteSwiftPackageReference "SDWebImage" */,
			);
			productRefGroup = 5E4853592582908C00E1B1BF /* Products */;
			projectDirPath = "";
			projectRoot = "";
			targets = (
				5E4853572582908C00E1B1BF /* TestTaskFS */,
			);
		};
/* End PBXProject section */

/* Begin PBXResourcesBuildPhase section */
		5E4853562582908C00E1B1BF /* Resources */ = {
			isa = PBXResourcesBuildPhase;
			buildActionMask = 2147483647;
			files = (
				5E46E67F2589017B00350A3D /* presentation.gif in Resources */,
				5E46E67C2588FFA300350A3D /* README.md in Resources */,
				5E4853682582908E00E1B1BF /* LaunchScreen.storyboard in Resources */,
				5E4853652582908E00E1B1BF /* Assets.xcassets in Resources */,
			);
			runOnlyForDeploymentPostprocessing = 0;
		};
/* End PBXResourcesBuildPhase section */

/* Begin PBXSourcesBuildPhase section */
		5E4853542582908C00E1B1BF /* Sources */ = {
			isa = PBXSourcesBuildPhase;
			buildActionMask = 2147483647;
			files = (
				5E4764AF2587A21B0014390B /* CellConfigurable.swift in Sources */,
				5E4853AA25829A5600E1B1BF /* AlbumViewController.swift in Sources */,
				5E46E67225888C5000350A3D /* StateView.swift in Sources */,
				5E48535C2582908C00E1B1BF /* AppDelegate.swift in Sources */,
				5E48535E2582908C00E1B1BF /* SceneDelegate.swift in Sources */,
				5E39DF00258352A4003537AF /* Track.swift in Sources */,
				5E4764B52587A28D0014390B /* Color.swift in Sources */,
				5E46E6792588F2D300350A3D /* Layout.swift in Sources */,
				5E4764A6258787BA0014390B /* ImageView.swift in Sources */,
				5E39DF032583660D003537AF /* AlbumDescriptionCell.swift in Sources */,
				5E39DF0B25836AB1003537AF /* AlbumExtraInfoCell.swift in Sources */,
				5E4764C02587D2B70014390B /* Double.swift in Sources */,
				5E4853AF25829C6B00E1B1BF /* Album.swift in Sources */,
				5E39DEFD25834BA2003537AF /* AlbumDetailViewController.swift in Sources */,
				5E4853B225829D6E00E1B1BF /* API.swift in Sources */,
				5E46E6762588E99A00350A3D /* Reachability.swift in Sources */,
				5E4764BD2587A4410014390B /* String.swift in Sources */,
				5E4764BA2587A2F40014390B /* Font.swift in Sources */,
				5E4853BA25829F1300E1B1BF /* AlbumCell.swift in Sources */,
				5E39DF08258369F3003537AF /* AlbumTrackCell.swift in Sources */,
				5E4764AC25878D2D0014390B /* Label.swift in Sources */,
				5E39DF0E258391A2003537AF /* StackView.swift in Sources */,
			);
			runOnlyForDeploymentPostprocessing = 0;
		};
/* End PBXSourcesBuildPhase section */

/* Begin PBXVariantGroup section */
		5E4853662582908E00E1B1BF /* LaunchScreen.storyboard */ = {
			isa = PBXVariantGroup;
			children = (
				5E4853672582908E00E1B1BF /* Base */,
			);
			name = LaunchScreen.storyboard;
			sourceTree = "<group>";
		};
/* End PBXVariantGroup section */

/* Begin XCBuildConfiguration section */
		5E48536A2582908E00E1B1BF /* Debug */ = {
			isa = XCBuildConfiguration;
			buildSettings = {
				ALWAYS_SEARCH_USER_PATHS = NO;
				CLANG_ANALYZER_NONNULL = YES;
				CLANG_ANALYZER_NUMBER_OBJECT_CONVERSION = YES_AGGRESSIVE;
				CLANG_CXX_LANGUAGE_STANDARD = "gnu++14";
				CLANG_CXX_LIBRARY = "libc++";
				CLANG_ENABLE_MODULES = YES;
				CLANG_ENABLE_OBJC_ARC = YES;
				CLANG_ENABLE_OBJC_WEAK = YES;
				CLANG_WARN_BLOCK_CAPTURE_AUTORELEASING = YES;
				CLANG_WARN_BOOL_CONVERSION = YES;
				CLANG_WARN_COMMA = YES;
				CLANG_WARN_CONSTANT_CONVERSION = YES;
				CLANG_WARN_DEPRECATED_OBJC_IMPLEMENTATIONS = YES;
				CLANG_WARN_DIRECT_OBJC_ISA_USAGE = YES_ERROR;
				CLANG_WARN_DOCUMENTATION_COMMENTS = YES;
				CLANG_WARN_EMPTY_BODY = YES;
				CLANG_WARN_ENUM_CONVERSION = YES;
				CLANG_WARN_INFINITE_RECURSION = YES;
				CLANG_WARN_INT_CONVERSION = YES;
				CLANG_WARN_NON_LITERAL_NULL_CONVERSION = YES;
				CLANG_WARN_OBJC_IMPLICIT_RETAIN_SELF = YES;
				CLANG_WARN_OBJC_LITERAL_CONVERSION = YES;
				CLANG_WARN_OBJC_ROOT_CLASS = YES_ERROR;
				CLANG_WARN_QUOTED_INCLUDE_IN_FRAMEWORK_HEADER = YES;
				CLANG_WARN_RANGE_LOOP_ANALYSIS = YES;
				CLANG_WARN_STRICT_PROTOTYPES = YES;
				CLANG_WARN_SUSPICIOUS_MOVE = YES;
				CLANG_WARN_UNGUARDED_AVAILABILITY = YES_AGGRESSIVE;
				CLANG_WARN_UNREACHABLE_CODE = YES;
				CLANG_WARN__DUPLICATE_METHOD_MATCH = YES;
				COPY_PHASE_STRIP = NO;
				DEBUG_INFORMATION_FORMAT = dwarf;
				ENABLE_STRICT_OBJC_MSGSEND = YES;
				ENABLE_TESTABILITY = YES;
				GCC_C_LANGUAGE_STANDARD = gnu11;
				GCC_DYNAMIC_NO_PIC = NO;
				GCC_NO_COMMON_BLOCKS = YES;
				GCC_OPTIMIZATION_LEVEL = 0;
				GCC_PREPROCESSOR_DEFINITIONS = (
					"DEBUG=1",
					"$(inherited)",
				);
				GCC_WARN_64_TO_32_BIT_CONVERSION = YES;
				GCC_WARN_ABOUT_RETURN_TYPE = YES_ERROR;
				GCC_WARN_UNDECLARED_SELECTOR = YES;
				GCC_WARN_UNINITIALIZED_AUTOS = YES_AGGRESSIVE;
				GCC_WARN_UNUSED_FUNCTION = YES;
				GCC_WARN_UNUSED_VARIABLE = YES;
				IPHONEOS_DEPLOYMENT_TARGET = 14.1;
				MTL_ENABLE_DEBUG_INFO = INCLUDE_SOURCE;
				MTL_FAST_MATH = YES;
				ONLY_ACTIVE_ARCH = YES;
				SDKROOT = iphoneos;
				SWIFT_ACTIVE_COMPILATION_CONDITIONS = DEBUG;
				SWIFT_OPTIMIZATION_LEVEL = "-Onone";
			};
			name = Debug;
		};
		5E48536B2582908E00E1B1BF /* Release */ = {
			isa = XCBuildConfiguration;
			buildSettings = {
				ALWAYS_SEARCH_USER_PATHS = NO;
				CLANG_ANALYZER_NONNULL = YES;
				CLANG_ANALYZER_NUMBER_OBJECT_CONVERSION = YES_AGGRESSIVE;
				CLANG_CXX_LANGUAGE_STANDARD = "gnu++14";
				CLANG_CXX_LIBRARY = "libc++";
				CLANG_ENABLE_MODULES = YES;
				CLANG_ENABLE_OBJC_ARC = YES;
				CLANG_ENABLE_OBJC_WEAK = YES;
				CLANG_WARN_BLOCK_CAPTURE_AUTORELEASING = YES;
				CLANG_WARN_BOOL_CONVERSION = YES;
				CLANG_WARN_COMMA = YES;
				CLANG_WARN_CONSTANT_CONVERSION = YES;
				CLANG_WARN_DEPRECATED_OBJC_IMPLEMENTATIONS = YES;
				CLANG_WARN_DIRECT_OBJC_ISA_USAGE = YES_ERROR;
				CLANG_WARN_DOCUMENTATION_COMMENTS = YES;
				CLANG_WARN_EMPTY_BODY = YES;
				CLANG_WARN_ENUM_CONVERSION = YES;
				CLANG_WARN_INFINITE_RECURSION = YES;
				CLANG_WARN_INT_CONVERSION = YES;
				CLANG_WARN_NON_LITERAL_NULL_CONVERSION = YES;
				CLANG_WARN_OBJC_IMPLICIT_RETAIN_SELF = YES;
				CLANG_WARN_OBJC_LITERAL_CONVERSION = YES;
				CLANG_WARN_OBJC_ROOT_CLASS = YES_ERROR;
				CLANG_WARN_QUOTED_INCLUDE_IN_FRAMEWORK_HEADER = YES;
				CLANG_WARN_RANGE_LOOP_ANALYSIS = YES;
				CLANG_WARN_STRICT_PROTOTYPES = YES;
				CLANG_WARN_SUSPICIOUS_MOVE = YES;
				CLANG_WARN_UNGUARDED_AVAILABILITY = YES_AGGRESSIVE;
				CLANG_WARN_UNREACHABLE_CODE = YES;
				CLANG_WARN__DUPLICATE_METHOD_MATCH = YES;
				COPY_PHASE_STRIP = NO;
				DEBUG_INFORMATION_FORMAT = "dwarf-with-dsym";
				ENABLE_NS_ASSERTIONS = NO;
				ENABLE_STRICT_OBJC_MSGSEND = YES;
				GCC_C_LANGUAGE_STANDARD = gnu11;
				GCC_NO_COMMON_BLOCKS = YES;
				GCC_WARN_64_TO_32_BIT_CONVERSION = YES;
				GCC_WARN_ABOUT_RETURN_TYPE = YES_ERROR;
				GCC_WARN_UNDECLARED_SELECTOR = YES;
				GCC_WARN_UNINITIALIZED_AUTOS = YES_AGGRESSIVE;
				GCC_WARN_UNUSED_FUNCTION = YES;
				GCC_WARN_UNUSED_VARIABLE = YES;
				IPHONEOS_DEPLOYMENT_TARGET = 14.1;
				MTL_ENABLE_DEBUG_INFO = NO;
				MTL_FAST_MATH = YES;
				SDKROOT = iphoneos;
				SWIFT_COMPILATION_MODE = wholemodule;
				SWIFT_OPTIMIZATION_LEVEL = "-O";
				VALIDATE_PRODUCT = YES;
			};
			name = Release;
		};
		5E48536D2582908E00E1B1BF /* Debug */ = {
			isa = XCBuildConfiguration;
			buildSettings = {
				ASSETCATALOG_COMPILER_APPICON_NAME = AppIcon;
				ASSETCATALOG_COMPILER_GLOBAL_ACCENT_COLOR_NAME = AccentColor;
				CODE_SIGN_STYLE = Automatic;
				DEVELOPMENT_TEAM = Q4947V4853;
				INFOPLIST_FILE = TestTaskFS/Info.plist;
				LD_RUNPATH_SEARCH_PATHS = (
					"$(inherited)",
					"@executable_path/Frameworks",
				);
				PRODUCT_BUNDLE_IDENTIFIER = skynetherside.TestTaskFS;
				PRODUCT_NAME = "$(TARGET_NAME)";
				SWIFT_VERSION = 5.0;
				TARGETED_DEVICE_FAMILY = 1;
			};
			name = Debug;
		};
		5E48536E2582908E00E1B1BF /* Release */ = {
			isa = XCBuildConfiguration;
			buildSettings = {
				ASSETCATALOG_COMPILER_APPICON_NAME = AppIcon;
				ASSETCATALOG_COMPILER_GLOBAL_ACCENT_COLOR_NAME = AccentColor;
				CODE_SIGN_STYLE = Automatic;
				DEVELOPMENT_TEAM = Q4947V4853;
				INFOPLIST_FILE = TestTaskFS/Info.plist;
				LD_RUNPATH_SEARCH_PATHS = (
					"$(inherited)",
					"@executable_path/Frameworks",
				);
				PRODUCT_BUNDLE_IDENTIFIER = skynetherside.TestTaskFS;
				PRODUCT_NAME = "$(TARGET_NAME)";
				SWIFT_VERSION = 5.0;
				TARGETED_DEVICE_FAMILY = 1;
			};
			name = Release;
		};
/* End XCBuildConfiguration section */

/* Begin XCConfigurationList section */
		5E4853532582908C00E1B1BF /* Build configuration list for PBXProject "TestTaskFS" */ = {
			isa = XCConfigurationList;
			buildConfigurations = (
				5E48536A2582908E00E1B1BF /* Debug */,
				5E48536B2582908E00E1B1BF /* Release */,
			);
			defaultConfigurationIsVisible = 0;
			defaultConfigurationName = Release;
		};
		5E48536C2582908E00E1B1BF /* Build configuration list for PBXNativeTarget "TestTaskFS" */ = {
			isa = XCConfigurationList;
			buildConfigurations = (
				5E48536D2582908E00E1B1BF /* Debug */,
				5E48536E2582908E00E1B1BF /* Release */,
			);
			defaultConfigurationIsVisible = 0;
			defaultConfigurationName = Release;
		};
/* End XCConfigurationList section */

/* Begin XCRemoteSwiftPackageReference section */
		5E4853A425829A0200E1B1BF /* XCRemoteSwiftPackageReference "SDWebImage" */ = {
			isa = XCRemoteSwiftPackageReference;
			repositoryURL = "https://github.com/SDWebImage/SDWebImage";
			requirement = {
				kind = upToNextMajorVersion;
				minimumVersion = 5.10.0;
			};
		};
/* End XCRemoteSwiftPackageReference section */

/* Begin XCSwiftPackageProductDependency section */
		5E4853A525829A0200E1B1BF /* SDWebImage */ = {
			isa = XCSwiftPackageProductDependency;
			package = 5E4853A425829A0200E1B1BF /* XCRemoteSwiftPackageReference "SDWebImage" */;
			productName = SDWebImage;
		};
/* End XCSwiftPackageProductDependency section */
	};
	rootObject = 5E4853502582908C00E1B1BF /* Project object */;
}
